
Microsoft Visual Studio Solution File, Format Version 12.00
# Visual Studio 14
VisualStudioVersion = 14.0.25420.1
MinimumVisualStudioVersion = 10.0.40219.1
Project("{FAE04EC0-301F-11D3-BF4B-00C04F79EFBC}") = "Lab1", "Lab1\Lab1.csproj", "{D97FC25F-F319-40F2-B350-4F361B14A10B}"
EndProject
Project("{FAE04EC0-301F-11D3-BF4B-00C04F79EFBC}") = "DataSetGenerator", "DataSetGenerator\DataSetGenerator.csproj", "{072FF21B-EDD1-4588-83AA-1165618B7865}"
EndProject
Project("{FAE04EC0-301F-11D3-BF4B-00C04F79EFBC}") = "DataSetConsoleApp", "DataSetConsoleApp\DataSetConsoleApp.csproj", "{86450024-076C-438D-8947-26459E9F4DBE}"
EndProject
Project("{FAE04EC0-301F-11D3-BF4B-00C04F79EFBC}") = "DataSetGrouping", "DataSetGrouping\DataSetGrouping.csproj", "{6C8AC602-5B7E-419E-9E18-EBD31FB8D3D3}"
EndProject
Global
	GlobalSection(SolutionConfigurationPlatforms) = preSolution
		Debug|Any CPU = Debug|Any CPU
		Release|Any CPU = Release|Any CPU
	EndGlobalSection
	GlobalSection(ProjectConfigurationPlatforms) = postSolution
		{D97FC25F-F319-40F2-B350-4F361B14A10B}.Debug|Any CPU.ActiveCfg = Debug|Any CPU
		{D97FC25F-F319-40F2-B350-4F361B14A10B}.Debug|Any CPU.Build.0 = Debug|Any CPU
		{D97FC25F-F319-40F2-B350-4F361B14A10B}.Release|Any CPU.ActiveCfg = Release|Any CPU
		{D97FC25F-F319-40F2-B350-4F361B14A10B}.Release|Any CPU.Build.0 = Release|Any CPU
		{072FF21B-EDD1-4588-83AA-1165618B7865}.Debug|Any CPU.ActiveCfg = Debug|Any CPU
		{072FF21B-EDD1-4588-83AA-1165618B7865}.Debug|Any CPU.Build.0 = Debug|Any CPU
		{072FF21B-EDD1-4588-83AA-1165618B7865}.Release|Any CPU.ActiveCfg = Release|Any CPU
		{072FF21B-EDD1-4588-83AA-1165618B7865}.Release|Any CPU.Build.0 = Release|Any CPU
		{86450024-076C-438D-8947-26459E9F4DBE}.Debug|Any CPU.ActiveCfg = Debug|Any CPU
		{86450024-076C-438D-8947-26459E9F4DBE}.Debug|Any CPU.Build.0 = Debug|Any CPU
		{86450024-076C-438D-8947-26459E9F4DBE}.Release|Any CPU.ActiveCfg = Release|Any CPU
		{86450024-076C-438D-8947-26459E9F4DBE}.Release|Any CPU.Build.0 = Release|Any CPU
		{6C8AC602-5B7E-419E-9E18-EBD31FB8D3D3}.Debug|Any CPU.ActiveCfg = Debug|Any CPU
		{6C8AC602-5B7E-419E-9E18-EBD31FB8D3D3}.Debug|Any CPU.Build.0 = Debug|Any CPU
		{6C8AC602-5B7E-419E-9E18-EBD31FB8D3D3}.Release|Any CPU.ActiveCfg = Release|Any CPU
		{6C8AC602-5B7E-419E-9E18-EBD31FB8D3D3}.Release|Any CPU.Build.0 = Release|Any CPU
	EndGlobalSection
	GlobalSection(SolutionProperties) = preSolution
		HideSolutionNode = FALSE
	EndGlobalSection
EndGlobal
